// !$*UTF8*$!
{
	archiveVersion = 1;
	classes = {
	};
	objectVersion = 56;
	objects = {

/* Begin PBXBuildFile section */
		E40CFAF52A136D6500778F51 /* AppDelegate.swift in Sources */ = {isa = PBXBuildFile; fileRef = E40CFAF42A136D6500778F51 /* AppDelegate.swift */; };
		E40CFAF72A136D6500778F51 /* SceneDelegate.swift in Sources */ = {isa = PBXBuildFile; fileRef = E40CFAF62A136D6500778F51 /* SceneDelegate.swift */; };
		E40CFAF92A136D6500778F51 /* ViewController.swift in Sources */ = {isa = PBXBuildFile; fileRef = E40CFAF82A136D6500778F51 /* ViewController.swift */; };
		E40CFAFC2A136D6500778F51 /* Main.storyboard in Resources */ = {isa = PBXBuildFile; fileRef = E40CFAFA2A136D6500778F51 /* Main.storyboard */; };
		E40CFAFE2A136D6700778F51 /* Assets.xcassets in Resources */ = {isa = PBXBuildFile; fileRef = E40CFAFD2A136D6700778F51 /* Assets.xcassets */; };
		E40CFB012A136D6700778F51 /* LaunchScreen.storyboard in Resources */ = {isa = PBXBuildFile; fileRef = E40CFAFF2A136D6700778F51 /* LaunchScreen.storyboard */; };
		E40CFB0C2A136D6800778F51 /* dlTests.swift in Sources */ = {isa = PBXBuildFile; fileRef = E40CFB0B2A136D6800778F51 /* dlTests.swift */; };
		E40CFB162A136D6800778F51 /* dlUITests.swift in Sources */ = {isa = PBXBuildFile; fileRef = E40CFB152A136D6800778F51 /* dlUITests.swift */; };
		E40CFB182A136D6800778F51 /* dlUITestsLaunchTests.swift in Sources */ = {isa = PBXBuildFile; fileRef = E40CFB172A136D6800778F51 /* dlUITestsLaunchTests.swift */; };
/* End PBXBuildFile section */

/* Begin PBXContainerItemProxy section */
		E40CFB082A136D6800778F51 /* PBXContainerItemProxy */ = {
			isa = PBXContainerItemProxy;
			containerPortal = E40CFAE92A136D6500778F51 /* Project object */;
			proxyType = 1;
			remoteGlobalIDString = E40CFAF02A136D6500778F51;
			remoteInfo = dl;
		};
		E40CFB122A136D6800778F51 /* PBXContainerItemProxy */ = {
			isa = PBXContainerItemProxy;
			containerPortal = E40CFAE92A136D6500778F51 /* Project object */;
			proxyType = 1;
			remoteGlobalIDString = E40CFAF02A136D6500778F51;
			remoteInfo = dl;
		};
/* End PBXContainerItemProxy section */

/* Begin PBXFileReference section */
		E40CFAF12A136D6500778F51 /* dl.app */ = {isa = PBXFileReference; explicitFileType = wrapper.application; includeInIndex = 0; path = dl.app; sourceTree = BUILT_PRODUCTS_DIR; };
		E40CFAF42A136D6500778F51 /* AppDelegate.swift */ = {isa = PBXFileReference; lastKnownFileType = sourcecode.swift; path = AppDelegate.swift; sourceTree = "<group>"; };
		E40CFAF62A136D6500778F51 /* SceneDelegate.swift */ = {isa = PBXFileReference; lastKnownFileType = sourcecode.swift; path = SceneDelegate.swift; sourceTree = "<group>"; };
		E40CFAF82A136D6500778F51 /* ViewController.swift */ = {isa = PBXFileReference; lastKnownFileType = sourcecode.swift; path = ViewController.swift; sourceTree = "<group>"; };
		E40CFAFB2A136D6500778F51 /* Base */ = {isa = PBXFileReference; lastKnownFileType = file.storyboard; name = Base; path = Base.lproj/Main.storyboard; sourceTree = "<group>"; };
		E40CFAFD2A136D6700778F51 /* Assets.xcassets */ = {isa = PBXFileReference; lastKnownFileType = folder.assetcatalog; path = Assets.xcassets; sourceTree = "<group>"; };
		E40CFB002A136D6700778F51 /* Base */ = {isa = PBXFileReference; lastKnownFileType = file.storyboard; name = Base; path = Base.lproj/LaunchScreen.storyboard; sourceTree = "<group>"; };
		E40CFB022A136D6700778F51 /* Info.plist */ = {isa = PBXFileReference; lastKnownFileType = text.plist.xml; path = Info.plist; sourceTree = "<group>"; };
		E40CFB072A136D6800778F51 /* dlTests.xctest */ = {isa = PBXFileReference; explicitFileType = wrapper.cfbundle; includeInIndex = 0; path = dlTests.xctest; sourceTree = BUILT_PRODUCTS_DIR; };
		E40CFB0B2A136D6800778F51 /* dlTests.swift */ = {isa = PBXFileReference; lastKnownFileType = sourcecode.swift; path = dlTests.swift; sourceTree = "<group>"; };
		E40CFB112A136D6800778F51 /* dlUITests.xctest */ = {isa = PBXFileReference; explicitFileType = wrapper.cfbundle; includeInIndex = 0; path = dlUITests.xctest; sourceTree = BUILT_PRODUCTS_DIR; };
		E40CFB152A136D6800778F51 /* dlUITests.swift */ = {isa = PBXFileReference; lastKnownFileType = sourcecode.swift; path = dlUITests.swift; sourceTree = "<group>"; };
		E40CFB172A136D6800778F51 /* dlUITestsLaunchTests.swift */ = {isa = PBXFileReference; lastKnownFileType = sourcecode.swift; path = dlUITestsLaunchTests.swift; sourceTree = "<group>"; };
/* End PBXFileReference section */

/* Begin PBXFrameworksBuildPhase section */
		E40CFAEE2A136D6500778F51 /* Frameworks */ = {
			isa = PBXFrameworksBuildPhase;
			buildActionMask = 2147483647;
			files = (
			);
			runOnlyForDeploymentPostprocessing = 0;
		};
		E40CFB042A136D6800778F51 /* Frameworks */ = {
			isa = PBXFrameworksBuildPhase;
			buildActionMask = 2147483647;
			files = (
			);
			runOnlyForDeploymentPostprocessing = 0;
		};
		E40CFB0E2A136D6800778F51 /* Frameworks */ = {
			isa = PBXFrameworksBuildPhase;
			buildActionMask = 2147483647;
			files = (
			);
			runOnlyForDeploymentPostprocessing = 0;
		};
/* End PBXFrameworksBuildPhase section */

/* Begin PBXGroup section */
		E40CFAE82A136D6500778F51 = {
			isa = PBXGroup;
			children = (
				E40CFAF32A136D6500778F51 /* dl */,
				E40CFB0A2A136D6800778F51 /* dlTests */,
				E40CFB142A136D6800778F51 /* dlUITests */,
				E40CFAF22A136D6500778F51 /* Products */,
			);
			sourceTree = "<group>";
		};
		E40CFAF22A136D6500778F51 /* Products */ = {
			isa = PBXGroup;
			children = (
				E40CFAF12A136D6500778F51 /* dl.app */,
				E40CFB072A136D6800778F51 /* dlTests.xctest */,
				E40CFB112A136D6800778F51 /* dlUITests.xctest */,
			);
			name = Products;
			sourceTree = "<group>";
		};
		E40CFAF32A136D6500778F51 /* dl */ = {
			isa = PBXGroup;
			children = (
				E40CFAF42A136D6500778F51 /* AppDelegate.swift */,
				E40CFAF62A136D6500778F51 /* SceneDelegate.swift */,
				E40CFAF82A136D6500778F51 /* ViewController.swift */,
				E40CFAFA2A136D6500778F51 /* Main.storyboard */,
				E40CFAFD2A136D6700778F51 /* Assets.xcassets */,
				E40CFAFF2A136D6700778F51 /* LaunchScreen.storyboard */,
				E40CFB022A136D6700778F51 /* Info.plist */,
			);
			path = dl;
			sourceTree = "<group>";
		};
		E40CFB0A2A136D6800778F51 /* dlTests */ = {
			isa = PBXGroup;
			children = (
				E40CFB0B2A136D6800778F51 /* dlTests.swift */,
			);
			path = dlTests;
			sourceTree = "<group>";
		};
		E40CFB142A136D6800778F51 /* dlUITests */ = {
			isa = PBXGroup;
			children = (
				E40CFB152A136D6800778F51 /* dlUITests.swift */,
				E40CFB172A136D6800778F51 /* dlUITestsLaunchTests.swift */,
			);
			path = dlUITests;
			sourceTree = "<group>";
		};
/* End PBXGroup section */

/* Begin PBXNativeTarget section */
		E40CFAF02A136D6500778F51 /* dl */ = {
			isa = PBXNativeTarget;
			buildConfigurationList = E40CFB1B2A136D6800778F51 /* Build configuration list for PBXNativeTarget "dl" */;
			buildPhases = (
				E40CFAED2A136D6500778F51 /* Sources */,
				E40CFAEE2A136D6500778F51 /* Frameworks */,
				E40CFAEF2A136D6500778F51 /* Resources */,
			);
			buildRules = (
			);
			dependencies = (
			);
			name = dl;
			productName = dl;
			productReference = E40CFAF12A136D6500778F51 /* dl.app */;
			productType = "com.apple.product-type.application";
		};
		E40CFB062A136D6800778F51 /* dlTests */ = {
			isa = PBXNativeTarget;
			buildConfigurationList = E40CFB1E2A136D6800778F51 /* Build configuration list for PBXNativeTarget "dlTests" */;
			buildPhases = (
				E40CFB032A136D6800778F51 /* Sources */,
				E40CFB042A136D6800778F51 /* Frameworks */,
				E40CFB052A136D6800778F51 /* Resources */,
			);
			buildRules = (
			);
			dependencies = (
				E40CFB092A136D6800778F51 /* PBXTargetDependency */,
			);
			name = dlTests;
			productName = dlTests;
			productReference = E40CFB072A136D6800778F51 /* dlTests.xctest */;
			productType = "com.apple.product-type.bundle.unit-test";
		};
		E40CFB102A136D6800778F51 /* dlUITests */ = {
			isa = PBXNativeTarget;
			buildConfigurationList = E40CFB212A136D6800778F51 /* Build configuration list for PBXNativeTarget "dlUITests" */;
			buildPhases = (
				E40CFB0D2A136D6800778F51 /* Sources */,
				E40CFB0E2A136D6800778F51 /* Frameworks */,
				E40CFB0F2A136D6800778F51 /* Resources */,
			);
			buildRules = (
			);
			dependencies = (
				E40CFB132A136D6800778F51 /* PBXTargetDependency */,
			);
			name = dlUITests;
			productName = dlUITests;
			productReference = E40CFB112A136D6800778F51 /* dlUITests.xctest */;
			productType = "com.apple.product-type.bundle.ui-testing";
		};
/* End PBXNativeTarget section */

/* Begin PBXProject section */
		E40CFAE92A136D6500778F51 /* Project object */ = {
			isa = PBXProject;
			attributes = {
				BuildIndependentTargetsInParallel = 1;
				LastSwiftUpdateCheck = 1430;
				LastUpgradeCheck = 1430;
				TargetAttributes = {
					E40CFAF02A136D6500778F51 = {
						CreatedOnToolsVersion = 14.3;
					};
					E40CFB062A136D6800778F51 = {
						CreatedOnToolsVersion = 14.3;
						TestTargetID = E40CFAF02A136D6500778F51;
					};
					E40CFB102A136D6800778F51 = {
						CreatedOnToolsVersion = 14.3;
						TestTargetID = E40CFAF02A136D6500778F51;
					};
				};
			};
			buildConfigurationList = E40CFAEC2A136D6500778F51 /* Build configuration list for PBXProject "dl" */;
			compatibilityVersion = "Xcode 14.0";
			developmentRegion = en;
			hasScannedForEncodings = 0;
			knownRegions = (
				en,
				Base,
			);
			mainGroup = E40CFAE82A136D6500778F51;
			productRefGroup = E40CFAF22A136D6500778F51 /* Products */;
			projectDirPath = "";
			projectRoot = "";
			targets = (
				E40CFAF02A136D6500778F51 /* dl */,
				E40CFB062A136D6800778F51 /* dlTests */,
				E40CFB102A136D6800778F51 /* dlUITests */,
			);
		};
/* End PBXProject section */

/* Begin PBXResourcesBuildPhase section */
		E40CFAEF2A136D6500778F51 /* Resources */ = {
			isa = PBXResourcesBuildPhase;
			buildActionMask = 2147483647;
			files = (
				E40CFB012A136D6700778F51 /* LaunchScreen.storyboard in Resources */,
				E40CFAFE2A136D6700778F51 /* Assets.xcassets in Resources */,
				E40CFAFC2A136D6500778F51 /* Main.storyboard in Resources */,
			);
			runOnlyForDeploymentPostprocessing = 0;
		};
		E40CFB052A136D6800778F51 /* Resources */ = {
			isa = PBXResourcesBuildPhase;
			buildActionMask = 2147483647;
			files = (
			);
			runOnlyForDeploymentPostprocessing = 0;
		};
		E40CFB0F2A136D6800778F51 /* Resources */ = {
			isa = PBXResourcesBuildPhase;
			buildActionMask = 2147483647;
			files = (
			);
			runOnlyForDeploymentPostprocessing = 0;
		};
/* End PBXResourcesBuildPhase section */

/* Begin PBXSourcesBuildPhase section */
		E40CFAED2A136D6500778F51 /* Sources */ = {
			isa = PBXSourcesBuildPhase;
			buildActionMask = 2147483647;
			files = (
				E40CFAF92A136D6500778F51 /* ViewController.swift in Sources */,
				E40CFAF52A136D6500778F51 /* AppDelegate.swift in Sources */,
				E40CFAF72A136D6500778F51 /* SceneDelegate.swift in Sources */,
			);
			runOnlyForDeploymentPostprocessing = 0;
		};
		E40CFB032A136D6800778F51 /* Sources */ = {
			isa = PBXSourcesBuildPhase;
			buildActionMask = 2147483647;
			files = (
				E40CFB0C2A136D6800778F51 /* dlTests.swift in Sources */,
			);
			runOnlyForDeploymentPostprocessing = 0;
		};
		E40CFB0D2A136D6800778F51 /* Sources */ = {
			isa = PBXSourcesBuildPhase;
			buildActionMask = 2147483647;
			files = (
				E40CFB182A136D6800778F51 /* dlUITestsLaunchTests.swift in Sources */,
				E40CFB162A136D6800778F51 /* dlUITests.swift in Sources */,
			);
			runOnlyForDeploymentPostprocessing = 0;
		};
/* End PBXSourcesBuildPhase section */

/* Begin PBXTargetDependency section */
		E40CFB092A136D6800778F51 /* PBXTargetDependency */ = {
			isa = PBXTargetDependency;
			target = E40CFAF02A136D6500778F51 /* dl */;
			targetProxy = E40CFB082A136D6800778F51 /* PBXContainerItemProxy */;
		};
		E40CFB132A136D6800778F51 /* PBXTargetDependency */ = {
			isa = PBXTargetDependency;
			target = E40CFAF02A136D6500778F51 /* dl */;
			targetProxy = E40CFB122A136D6800778F51 /* PBXContainerItemProxy */;
		};
/* End PBXTargetDependency section */

/* Begin PBXVariantGroup section */
		E40CFAFA2A136D6500778F51 /* Main.storyboard */ = {
			isa = PBXVariantGroup;
			children = (
				E40CFAFB2A136D6500778F51 /* Base */,
			);
			name = Main.storyboard;
			sourceTree = "<group>";
		};
		E40CFAFF2A136D6700778F51 /* LaunchScreen.storyboard */ = {
			isa = PBXVariantGroup;
			children = (
				E40CFB002A136D6700778F51 /* Base */,
			);
			name = LaunchScreen.storyboard;
			sourceTree = "<group>";
		};
/* End PBXVariantGroup section */

/* Begin XCBuildConfiguration section */
		E40CFB192A136D6800778F51 /* Debug */ = {
			isa = XCBuildConfiguration;
			buildSettings = {
				ALWAYS_SEARCH_USER_PATHS = NO;
				CLANG_ANALYZER_NONNULL = YES;
				CLANG_ANALYZER_NUMBER_OBJECT_CONVERSION = YES_AGGRESSIVE;
				CLANG_CXX_LANGUAGE_STANDARD = "gnu++20";
				CLANG_ENABLE_MODULES = YES;
				CLANG_ENABLE_OBJC_ARC = YES;
				CLANG_ENABLE_OBJC_WEAK = YES;
				CLANG_WARN_BLOCK_CAPTURE_AUTORELEASING = YES;
				CLANG_WARN_BOOL_CONVERSION = YES;
				CLANG_WARN_COMMA = YES;
				CLANG_WARN_CONSTANT_CONVERSION = YES;
				CLANG_WARN_DEPRECATED_OBJC_IMPLEMENTATIONS = YES;
				CLANG_WARN_DIRECT_OBJC_ISA_USAGE = YES_ERROR;
				CLANG_WARN_DOCUMENTATION_COMMENTS = YES;
				CLANG_WARN_EMPTY_BODY = YES;
				CLANG_WARN_ENUM_CONVERSION = YES;
				CLANG_WARN_INFINITE_RECURSION = YES;
				CLANG_WARN_INT_CONVERSION = YES;
				CLANG_WARN_NON_LITERAL_NULL_CONVERSION = YES;
				CLANG_WARN_OBJC_IMPLICIT_RETAIN_SELF = YES;
				CLANG_WARN_OBJC_LITERAL_CONVERSION = YES;
				CLANG_WARN_OBJC_ROOT_CLASS = YES_ERROR;
				CLANG_WARN_QUOTED_INCLUDE_IN_FRAMEWORK_HEADER = YES;
				CLANG_WARN_RANGE_LOOP_ANALYSIS = YES;
				CLANG_WARN_STRICT_PROTOTYPES = YES;
				CLANG_WARN_SUSPICIOUS_MOVE = YES;
				CLANG_WARN_UNGUARDED_AVAILABILITY = YES_AGGRESSIVE;
				CLANG_WARN_UNREACHABLE_CODE = YES;
				CLANG_WARN__DUPLICATE_METHOD_MATCH = YES;
				COPY_PHASE_STRIP = NO;
				DEBUG_INFORMATION_FORMAT = dwarf;
				ENABLE_STRICT_OBJC_MSGSEND = YES;
				ENABLE_TESTABILITY = YES;
				GCC_C_LANGUAGE_STANDARD = gnu11;
				GCC_DYNAMIC_NO_PIC = NO;
				GCC_NO_COMMON_BLOCKS = YES;
				GCC_OPTIMIZATION_LEVEL = 0;
				GCC_PREPROCESSOR_DEFINITIONS = (
					"DEBUG=1",
					"$(inherited)",
				);
				GCC_WARN_64_TO_32_BIT_CONVERSION = YES;
				GCC_WARN_ABOUT_RETURN_TYPE = YES_ERROR;
				GCC_WARN_UNDECLARED_SELECTOR = YES;
				GCC_WARN_UNINITIALIZED_AUTOS = YES_AGGRESSIVE;
				GCC_WARN_UNUSED_FUNCTION = YES;
				GCC_WARN_UNUSED_VARIABLE = YES;
				IPHONEOS_DEPLOYMENT_TARGET = 16.4;
				MTL_ENABLE_DEBUG_INFO = INCLUDE_SOURCE;
				MTL_FAST_MATH = YES;
				ONLY_ACTIVE_ARCH = YES;
				SDKROOT = iphoneos;
				SWIFT_ACTIVE_COMPILATION_CONDITIONS = DEBUG;
				SWIFT_OPTIMIZATION_LEVEL = "-Onone";
			};
			name = Debug;
		};
		E40CFB1A2A136D6800778F51 /* Release */ = {
			isa = XCBuildConfiguration;
			buildSettings = {
				ALWAYS_SEARCH_USER_PATHS = NO;
				CLANG_ANALYZER_NONNULL = YES;
				CLANG_ANALYZER_NUMBER_OBJECT_CONVERSION = YES_AGGRESSIVE;
				CLANG_CXX_LANGUAGE_STANDARD = "gnu++20";
				CLANG_ENABLE_MODULES = YES;
				CLANG_ENABLE_OBJC_ARC = YES;
				CLANG_ENABLE_OBJC_WEAK = YES;
				CLANG_WARN_BLOCK_CAPTURE_AUTORELEASING = YES;
				CLANG_WARN_BOOL_CONVERSION = YES;
				CLANG_WARN_COMMA = YES;
				CLANG_WARN_CONSTANT_CONVERSION = YES;
				CLANG_WARN_DEPRECATED_OBJC_IMPLEMENTATIONS = YES;
				CLANG_WARN_DIRECT_OBJC_ISA_USAGE = YES_ERROR;
				CLANG_WARN_DOCUMENTATION_COMMENTS = YES;
				CLANG_WARN_EMPTY_BODY = YES;
				CLANG_WARN_ENUM_CONVERSION = YES;
				CLANG_WARN_INFINITE_RECURSION = YES;
				CLANG_WARN_INT_CONVERSION = YES;
				CLANG_WARN_NON_LITERAL_NULL_CONVERSION = YES;
				CLANG_WARN_OBJC_IMPLICIT_RETAIN_SELF = YES;
				CLANG_WARN_OBJC_LITERAL_CONVERSION = YES;
				CLANG_WARN_OBJC_ROOT_CLASS = YES_ERROR;
				CLANG_WARN_QUOTED_INCLUDE_IN_FRAMEWORK_HEADER = YES;
				CLANG_WARN_RANGE_LOOP_ANALYSIS = YES;
				CLANG_WARN_STRICT_PROTOTYPES = YES;
				CLANG_WARN_SUSPICIOUS_MOVE = YES;
				CLANG_WARN_UNGUARDED_AVAILABILITY = YES_AGGRESSIVE;
				CLANG_WARN_UNREACHABLE_CODE = YES;
				CLANG_WARN__DUPLICATE_METHOD_MATCH = YES;
				COPY_PHASE_STRIP = NO;
				DEBUG_INFORMATION_FORMAT = "dwarf-with-dsym";
				ENABLE_NS_ASSERTIONS = NO;
				ENABLE_STRICT_OBJC_MSGSEND = YES;
				GCC_C_LANGUAGE_STANDARD = gnu11;
				GCC_NO_COMMON_BLOCKS = YES;
				GCC_WARN_64_TO_32_BIT_CONVERSION = YES;
				GCC_WARN_ABOUT_RETURN_TYPE = YES_ERROR;
				GCC_WARN_UNDECLARED_SELECTOR = YES;
				GCC_WARN_UNINITIALIZED_AUTOS = YES_AGGRESSIVE;
				GCC_WARN_UNUSED_FUNCTION = YES;
				GCC_WARN_UNUSED_VARIABLE = YES;
				IPHONEOS_DEPLOYMENT_TARGET = 16.4;
				MTL_ENABLE_DEBUG_INFO = NO;
				MTL_FAST_MATH = YES;
				SDKROOT = iphoneos;
				SWIFT_COMPILATION_MODE = wholemodule;
				SWIFT_OPTIMIZATION_LEVEL = "-O";
				VALIDATE_PRODUCT = YES;
			};
			name = Release;
		};
		E40CFB1C2A136D6800778F51 /* Debug */ = {
			isa = XCBuildConfiguration;
			buildSettings = {
				ASSETCATALOG_COMPILER_APPICON_NAME = AppIcon;
				ASSETCATALOG_COMPILER_GLOBAL_ACCENT_COLOR_NAME = AccentColor;
				CODE_SIGN_STYLE = Automatic;
				CURRENT_PROJECT_VERSION = 1;
				DEVELOPMENT_TEAM = T3Q9U2LQZQ;
				GENERATE_INFOPLIST_FILE = YES;
				INFOPLIST_FILE = dl/Info.plist;
				INFOPLIST_KEY_UIApplicationSupportsIndirectInputEvents = YES;
				INFOPLIST_KEY_UILaunchStoryboardName = LaunchScreen;
				INFOPLIST_KEY_UIMainStoryboardFile = Main;
				INFOPLIST_KEY_UISupportedInterfaceOrientations_iPad = "UIInterfaceOrientationPortrait UIInterfaceOrientationPortraitUpsideDown UIInterfaceOrientationLandscapeLeft UIInterfaceOrientationLandscapeRight";
				INFOPLIST_KEY_UISupportedInterfaceOrientations_iPhone = "UIInterfaceOrientationPortrait UIInterfaceOrientationLandscapeLeft UIInterfaceOrientationLandscapeRight";
				LD_RUNPATH_SEARCH_PATHS = (
					"$(inherited)",
					"@executable_path/Frameworks",
				);
				MARKETING_VERSION = 1.0;
				PRODUCT_BUNDLE_IDENTIFIER = com.shutterfly.dl;
				PRODUCT_NAME = "$(TARGET_NAME)";
				SWIFT_EMIT_LOC_STRINGS = YES;
				SWIFT_VERSION = 5.0;
				TARGETED_DEVICE_FAMILY = "1,2";
			};
			name = Debug;
		};
		E40CFB1D2A136D6800778F51 /* Release */ = {
			isa = XCBuildConfiguration;
			buildSettings = {
				ASSETCATALOG_COMPILER_APPICON_NAME = AppIcon;
				ASSETCATALOG_COMPILER_GLOBAL_ACCENT_COLOR_NAME = AccentColor;
				CODE_SIGN_STYLE = Automatic;
				CURRENT_PROJECT_VERSION = 1;
				DEVELOPMENT_TEAM = T3Q9U2LQZQ;
				GENERATE_INFOPLIST_FILE = YES;
				INFOPLIST_FILE = dl/Info.plist;
				INFOPLIST_KEY_UIApplicationSupportsIndirectInputEvents = YES;
				INFOPLIST_KEY_UILaunchStoryboardName = LaunchScreen;
				INFOPLIST_KEY_UIMainStoryboardFile = Main;
				INFOPLIST_KEY_UISupportedInterfaceOrientations_iPad = "UIInterfaceOrientationPortrait UIInterfaceOrientationPortraitUpsideDown UIInterfaceOrientationLandscapeLeft UIInterfaceOrientationLandscapeRight";
				INFOPLIST_KEY_UISupportedInterfaceOrientations_iPhone = "UIInterfaceOrientationPortrait UIInterfaceOrientationLandscapeLeft UIInterfaceOrientationLandscapeRight";
				LD_RUNPATH_SEARCH_PATHS = (
					"$(inherited)",
					"@executable_path/Frameworks",
				);
				MARKETING_VERSION = 1.0;
				PRODUCT_BUNDLE_IDENTIFIER = com.shutterfly.dl;
				PRODUCT_NAME = "$(TARGET_NAME)";
				SWIFT_EMIT_LOC_STRINGS = YES;
				SWIFT_VERSION = 5.0;
				TARGETED_DEVICE_FAMILY = "1,2";
			};
			name = Release;
		};
		E40CFB1F2A136D6800778F51 /* Debug */ = {
			isa = XCBuildConfiguration;
			buildSettings = {
				ALWAYS_EMBED_SWIFT_STANDARD_LIBRARIES = YES;
				BUNDLE_LOADER = "$(TEST_HOST)";
				CODE_SIGN_STYLE = Automatic;
				CURRENT_PROJECT_VERSION = 1;
				DEVELOPMENT_TEAM = T3Q9U2LQZQ;
				GENERATE_INFOPLIST_FILE = YES;
				IPHONEOS_DEPLOYMENT_TARGET = 16.4;
				MARKETING_VERSION = 1.0;
				PRODUCT_BUNDLE_IDENTIFIER = com.shutterfly.dlTests;
				PRODUCT_NAME = "$(TARGET_NAME)";
				SWIFT_EMIT_LOC_STRINGS = NO;
				SWIFT_VERSION = 5.0;
				TARGETED_DEVICE_FAMILY = "1,2";
				TEST_HOST = "$(BUILT_PRODUCTS_DIR)/dl.app/$(BUNDLE_EXECUTABLE_FOLDER_PATH)/dl";
			};
			name = Debug;
		};
		E40CFB202A136D6800778F51 /* Release */ = {
			isa = XCBuildConfiguration;
			buildSettings = {
				ALWAYS_EMBED_SWIFT_STANDARD_LIBRARIES = YES;
				BUNDLE_LOADER = "$(TEST_HOST)";
				CODE_SIGN_STYLE = Automatic;
				CURRENT_PROJECT_VERSION = 1;
				DEVELOPMENT_TEAM = T3Q9U2LQZQ;
				GENERATE_INFOPLIST_FILE = YES;
				IPHONEOS_DEPLOYMENT_TARGET = 16.4;
				MARKETING_VERSION = 1.0;
				PRODUCT_BUNDLE_IDENTIFIER = com.shutterfly.dlTests;
				PRODUCT_NAME = "$(TARGET_NAME)";
				SWIFT_EMIT_LOC_STRINGS = NO;
				SWIFT_VERSION = 5.0;
				TARGETED_DEVICE_FAMILY = "1,2";
				TEST_HOST = "$(BUILT_PRODUCTS_DIR)/dl.app/$(BUNDLE_EXECUTABLE_FOLDER_PATH)/dl";
			};
			name = Release;
		};
		E40CFB222A136D6800778F51 /* Debug */ = {
			isa = XCBuildConfiguration;
			buildSettings = {
				ALWAYS_EMBED_SWIFT_STANDARD_LIBRARIES = YES;
				CODE_SIGN_STYLE = Automatic;
				CURRENT_PROJECT_VERSION = 1;
				DEVELOPMENT_TEAM = T3Q9U2LQZQ;
				GENERATE_INFOPLIST_FILE = YES;
				MARKETING_VERSION = 1.0;
				PRODUCT_BUNDLE_IDENTIFIER = com.shutterfly.dlUITests;
				PRODUCT_NAME = "$(TARGET_NAME)";
				SWIFT_EMIT_LOC_STRINGS = NO;
				SWIFT_VERSION = 5.0;
				TARGETED_DEVICE_FAMILY = "1,2";
				TEST_TARGET_NAME = dl;
			};
			name = Debug;
		};
		E40CFB232A136D6800778F51 /* Release */ = {
			isa = XCBuildConfiguration;
			buildSettings = {
				ALWAYS_EMBED_SWIFT_STANDARD_LIBRARIES = YES;
				CODE_SIGN_STYLE = Automatic;
				CURRENT_PROJECT_VERSION = 1;
				DEVELOPMENT_TEAM = T3Q9U2LQZQ;
				GENERATE_INFOPLIST_FILE = YES;
				MARKETING_VERSION = 1.0;
				PRODUCT_BUNDLE_IDENTIFIER = com.shutterfly.dlUITests;
				PRODUCT_NAME = "$(TARGET_NAME)";
				SWIFT_EMIT_LOC_STRINGS = NO;
				SWIFT_VERSION = 5.0;
				TARGETED_DEVICE_FAMILY = "1,2";
				TEST_TARGET_NAME = dl;
			};
			name = Release;
		};
/* End XCBuildConfiguration section */

/* Begin XCConfigurationList section */
		E40CFAEC2A136D6500778F51 /* Build configuration list for PBXProject "dl" */ = {
			isa = XCConfigurationList;
			buildConfigurations = (
				E40CFB192A136D6800778F51 /* Debug */,
				E40CFB1A2A136D6800778F51 /* Release */,
			);
			defaultConfigurationIsVisible = 0;
			defaultConfigurationName = Release;
		};
		E40CFB1B2A136D6800778F51 /* Build configuration list for PBXNativeTarget "dl" */ = {
			isa = XCConfigurationList;
			buildConfigurations = (
				E40CFB1C2A136D6800778F51 /* Debug */,
				E40CFB1D2A136D6800778F51 /* Release */,
			);
			defaultConfigurationIsVisible = 0;
			defaultConfigurationName = Release;
		};
		E40CFB1E2A136D6800778F51 /* Build configuration list for PBXNativeTarget "dlTests" */ = {
			isa = XCConfigurationList;
			buildConfigurations = (
				E40CFB1F2A136D6800778F51 /* Debug */,
				E40CFB202A136D6800778F51 /* Release */,
			);
			defaultConfigurationIsVisible = 0;
			defaultConfigurationName = Release;
		};
		E40CFB212A136D6800778F51 /* Build configuration list for PBXNativeTarget "dlUITests" */ = {
			isa = XCConfigurationList;
			buildConfigurations = (
				E40CFB222A136D6800778F51 /* Debug */,
				E40CFB232A136D6800778F51 /* Release */,
			);
			defaultConfigurationIsVisible = 0;
			defaultConfigurationName = Release;
		};
/* End XCConfigurationList section */
	};
	rootObject = E40CFAE92A136D6500778F51 /* Project object */;
}
